
Microsoft Visual Studio Solution File, Format Version 12.00
# Visual Studio Version 16
VisualStudioVersion = 16.0.31911.196
MinimumVisualStudioVersion = 10.0.40219.1
Project("{C9674DCB-5085-4A16-B785-4C70DD1589BD}") = "Task1", "Task1\Task1.dtproj", "{EBE6D9D0-82F9-4AE8-81EE-1F155736FEA1}"
EndProject
Global
	GlobalSection(SolutionConfigurationPlatforms) = preSolution
		Development|Default = Development|Default
	EndGlobalSection
	GlobalSection(ProjectConfigurationPlatforms) = postSolution
		{EBE6D9D0-82F9-4AE8-81EE-1F155736FEA1}.Development|Default.ActiveCfg = Development
		{EBE6D9D0-82F9-4AE8-81EE-1F155736FEA1}.Development|Default.Build.0 = Development
	EndGlobalSection
	GlobalSection(SolutionProperties) = preSolution
		HideSolutionNode = FALSE
	EndGlobalSection
	GlobalSection(ExtensibilityGlobals) = postSolution
		SolutionGuid = {13D7D7CB-909A-45C8-9E53-E86F22BB1AC3}
	EndGlobalSection
EndGlobal
